// !$*UTF8*$!
{
	archiveVersion = 1;
	classes = {
	};
	objectVersion = 46;
	objects = {

/* Begin PBXBuildFile section */
		5B3E52861530ACAC78B91E58 /* Pods_shshacksappUITests.framework in Frameworks */ = {isa = PBXBuildFile; fileRef = 9912D66256B38521A8EB0151 /* Pods_shshacksappUITests.framework */; };
		693B029039FF19DE6F6E48DE /* Pods_shshacksapp.framework in Frameworks */ = {isa = PBXBuildFile; fileRef = 954C755B87A0F4A815E60BE9 /* Pods_shshacksapp.framework */; };
		95ACF5D9B06E832A4ECC047C /* Pods_shshacksappTests.framework in Frameworks */ = {isa = PBXBuildFile; fileRef = BCB0CD28D8B9FFA09C242812 /* Pods_shshacksappTests.framework */; };
		C1A75DD71E9921130030475D /* AppDelegate.swift in Sources */ = {isa = PBXBuildFile; fileRef = C1A75DD61E9921130030475D /* AppDelegate.swift */; };
		C1A75DD91E9921130030475D /* MapViewController.swift in Sources */ = {isa = PBXBuildFile; fileRef = C1A75DD81E9921130030475D /* MapViewController.swift */; };
		C1A75DDC1E9921130030475D /* Main.storyboard in Resources */ = {isa = PBXBuildFile; fileRef = C1A75DDA1E9921130030475D /* Main.storyboard */; };
		C1A75DDE1E9921130030475D /* Assets.xcassets in Resources */ = {isa = PBXBuildFile; fileRef = C1A75DDD1E9921130030475D /* Assets.xcassets */; };
		C1A75DE11E9921130030475D /* LaunchScreen.storyboard in Resources */ = {isa = PBXBuildFile; fileRef = C1A75DDF1E9921130030475D /* LaunchScreen.storyboard */; };
		C1A75DEC1E9921130030475D /* shshacksappTests.swift in Sources */ = {isa = PBXBuildFile; fileRef = C1A75DEB1E9921130030475D /* shshacksappTests.swift */; };
		C1A75DF71E9921130030475D /* shshacksappUITests.swift in Sources */ = {isa = PBXBuildFile; fileRef = C1A75DF61E9921130030475D /* shshacksappUITests.swift */; };
		C1A75E051E9925CB0030475D /* GoogleService-Info.plist in Resources */ = {isa = PBXBuildFile; fileRef = C1A75E041E9925CB0030475D /* GoogleService-Info.plist */; };
/* End PBXBuildFile section */

/* Begin PBXContainerItemProxy section */
		C1A75DE81E9921130030475D /* PBXContainerItemProxy */ = {
			isa = PBXContainerItemProxy;
			containerPortal = C1A75DCB1E9921130030475D /* Project object */;
			proxyType = 1;
			remoteGlobalIDString = C1A75DD21E9921130030475D;
			remoteInfo = shshacksapp;
		};
		C1A75DF31E9921130030475D /* PBXContainerItemProxy */ = {
			isa = PBXContainerItemProxy;
			containerPortal = C1A75DCB1E9921130030475D /* Project object */;
			proxyType = 1;
			remoteGlobalIDString = C1A75DD21E9921130030475D;
			remoteInfo = shshacksapp;
		};
/* End PBXContainerItemProxy section */

/* Begin PBXFileReference section */
		57EC6706958DBF8D267D924C /* Pods-shshacksappUITests.debug.xcconfig */ = {isa = PBXFileReference; includeInIndex = 1; lastKnownFileType = text.xcconfig; name = "Pods-shshacksappUITests.debug.xcconfig"; path = "Pods/Target Support Files/Pods-shshacksappUITests/Pods-shshacksappUITests.debug.xcconfig"; sourceTree = "<group>"; };
		859A5B3A3DE53403EDF8AE56 /* Pods-shshacksappUITests.release.xcconfig */ = {isa = PBXFileReference; includeInIndex = 1; lastKnownFileType = text.xcconfig; name = "Pods-shshacksappUITests.release.xcconfig"; path = "Pods/Target Support Files/Pods-shshacksappUITests/Pods-shshacksappUITests.release.xcconfig"; sourceTree = "<group>"; };
		93B7C1E02833112A7E8EBA08 /* Pods-shshacksappTests.release.xcconfig */ = {isa = PBXFileReference; includeInIndex = 1; lastKnownFileType = text.xcconfig; name = "Pods-shshacksappTests.release.xcconfig"; path = "Pods/Target Support Files/Pods-shshacksappTests/Pods-shshacksappTests.release.xcconfig"; sourceTree = "<group>"; };
		954C755B87A0F4A815E60BE9 /* Pods_shshacksapp.framework */ = {isa = PBXFileReference; explicitFileType = wrapper.framework; includeInIndex = 0; path = Pods_shshacksapp.framework; sourceTree = BUILT_PRODUCTS_DIR; };
		9912D66256B38521A8EB0151 /* Pods_shshacksappUITests.framework */ = {isa = PBXFileReference; explicitFileType = wrapper.framework; includeInIndex = 0; path = Pods_shshacksappUITests.framework; sourceTree = BUILT_PRODUCTS_DIR; };
		BCB0CD28D8B9FFA09C242812 /* Pods_shshacksappTests.framework */ = {isa = PBXFileReference; explicitFileType = wrapper.framework; includeInIndex = 0; path = Pods_shshacksappTests.framework; sourceTree = BUILT_PRODUCTS_DIR; };
		C1A75DD31E9921130030475D /* shshacksapp.app */ = {isa = PBXFileReference; explicitFileType = wrapper.application; includeInIndex = 0; path = shshacksapp.app; sourceTree = BUILT_PRODUCTS_DIR; };
		C1A75DD61E9921130030475D /* AppDelegate.swift */ = {isa = PBXFileReference; lastKnownFileType = sourcecode.swift; path = AppDelegate.swift; sourceTree = "<group>"; };
		C1A75DD81E9921130030475D /* MapViewController.swift */ = {isa = PBXFileReference; lastKnownFileType = sourcecode.swift; path = MapViewController.swift; sourceTree = "<group>"; };
		C1A75DDB1E9921130030475D /* Base */ = {isa = PBXFileReference; lastKnownFileType = file.storyboard; name = Base; path = Base.lproj/Main.storyboard; sourceTree = "<group>"; };
		C1A75DDD1E9921130030475D /* Assets.xcassets */ = {isa = PBXFileReference; lastKnownFileType = folder.assetcatalog; path = Assets.xcassets; sourceTree = "<group>"; };
		C1A75DE01E9921130030475D /* Base */ = {isa = PBXFileReference; lastKnownFileType = file.storyboard; name = Base; path = Base.lproj/LaunchScreen.storyboard; sourceTree = "<group>"; };
		C1A75DE21E9921130030475D /* Info.plist */ = {isa = PBXFileReference; lastKnownFileType = text.plist.xml; path = Info.plist; sourceTree = "<group>"; };
		C1A75DE71E9921130030475D /* shshacksappTests.xctest */ = {isa = PBXFileReference; explicitFileType = wrapper.cfbundle; includeInIndex = 0; path = shshacksappTests.xctest; sourceTree = BUILT_PRODUCTS_DIR; };
		C1A75DEB1E9921130030475D /* shshacksappTests.swift */ = {isa = PBXFileReference; lastKnownFileType = sourcecode.swift; path = shshacksappTests.swift; sourceTree = "<group>"; };
		C1A75DED1E9921130030475D /* Info.plist */ = {isa = PBXFileReference; lastKnownFileType = text.plist.xml; path = Info.plist; sourceTree = "<group>"; };
		C1A75DF21E9921130030475D /* shshacksappUITests.xctest */ = {isa = PBXFileReference; explicitFileType = wrapper.cfbundle; includeInIndex = 0; path = shshacksappUITests.xctest; sourceTree = BUILT_PRODUCTS_DIR; };
		C1A75DF61E9921130030475D /* shshacksappUITests.swift */ = {isa = PBXFileReference; lastKnownFileType = sourcecode.swift; path = shshacksappUITests.swift; sourceTree = "<group>"; };
		C1A75DF81E9921130030475D /* Info.plist */ = {isa = PBXFileReference; lastKnownFileType = text.plist.xml; path = Info.plist; sourceTree = "<group>"; };
		C1A75E041E9925CB0030475D /* GoogleService-Info.plist */ = {isa = PBXFileReference; fileEncoding = 4; lastKnownFileType = text.plist.xml; path = "GoogleService-Info.plist"; sourceTree = "<group>"; };
		C6CB21205C63A9E1C40E5A16 /* Pods-shshacksapp.debug.xcconfig */ = {isa = PBXFileReference; includeInIndex = 1; lastKnownFileType = text.xcconfig; name = "Pods-shshacksapp.debug.xcconfig"; path = "Pods/Target Support Files/Pods-shshacksapp/Pods-shshacksapp.debug.xcconfig"; sourceTree = "<group>"; };
		D1181F98B38053B05196F1DE /* Pods-shshacksapp.release.xcconfig */ = {isa = PBXFileReference; includeInIndex = 1; lastKnownFileType = text.xcconfig; name = "Pods-shshacksapp.release.xcconfig"; path = "Pods/Target Support Files/Pods-shshacksapp/Pods-shshacksapp.release.xcconfig"; sourceTree = "<group>"; };
		EF0252896FA227CC1DFD64B4 /* Pods-shshacksappTests.debug.xcconfig */ = {isa = PBXFileReference; includeInIndex = 1; lastKnownFileType = text.xcconfig; name = "Pods-shshacksappTests.debug.xcconfig"; path = "Pods/Target Support Files/Pods-shshacksappTests/Pods-shshacksappTests.debug.xcconfig"; sourceTree = "<group>"; };
/* End PBXFileReference section */

/* Begin PBXFrameworksBuildPhase section */
		C1A75DD01E9921130030475D /* Frameworks */ = {
			isa = PBXFrameworksBuildPhase;
			buildActionMask = 2147483647;
			files = (
				693B029039FF19DE6F6E48DE /* Pods_shshacksapp.framework in Frameworks */,
			);
			runOnlyForDeploymentPostprocessing = 0;
		};
		C1A75DE41E9921130030475D /* Frameworks */ = {
			isa = PBXFrameworksBuildPhase;
			buildActionMask = 2147483647;
			files = (
				95ACF5D9B06E832A4ECC047C /* Pods_shshacksappTests.framework in Frameworks */,
			);
			runOnlyForDeploymentPostprocessing = 0;
		};
		C1A75DEF1E9921130030475D /* Frameworks */ = {
			isa = PBXFrameworksBuildPhase;
			buildActionMask = 2147483647;
			files = (
				5B3E52861530ACAC78B91E58 /* Pods_shshacksappUITests.framework in Frameworks */,
			);
			runOnlyForDeploymentPostprocessing = 0;
		};
/* End PBXFrameworksBuildPhase section */

/* Begin PBXGroup section */
		141EB83A4D63ED270A181DA8 /* Frameworks */ = {
			isa = PBXGroup;
			children = (
				954C755B87A0F4A815E60BE9 /* Pods_shshacksapp.framework */,
				BCB0CD28D8B9FFA09C242812 /* Pods_shshacksappTests.framework */,
				9912D66256B38521A8EB0151 /* Pods_shshacksappUITests.framework */,
			);
			name = Frameworks;
			sourceTree = "<group>";
		};
		C1A75DCA1E9921130030475D = {
			isa = PBXGroup;
			children = (
				C1A75DD51E9921130030475D /* shshacksapp */,
				C1A75DEA1E9921130030475D /* shshacksappTests */,
				C1A75DF51E9921130030475D /* shshacksappUITests */,
				C1A75DD41E9921130030475D /* Products */,
				DCD7834C3AAE758577801B19 /* Pods */,
				141EB83A4D63ED270A181DA8 /* Frameworks */,
			);
			sourceTree = "<group>";
		};
		C1A75DD41E9921130030475D /* Products */ = {
			isa = PBXGroup;
			children = (
				C1A75DD31E9921130030475D /* shshacksapp.app */,
				C1A75DE71E9921130030475D /* shshacksappTests.xctest */,
				C1A75DF21E9921130030475D /* shshacksappUITests.xctest */,
			);
			name = Products;
			sourceTree = "<group>";
		};
		C1A75DD51E9921130030475D /* shshacksapp */ = {
			isa = PBXGroup;
			children = (
				C1A75E041E9925CB0030475D /* GoogleService-Info.plist */,
				C1A75DD61E9921130030475D /* AppDelegate.swift */,
				C1A75DD81E9921130030475D /* MapViewController.swift */,
				C1A75DDA1E9921130030475D /* Main.storyboard */,
				C1A75DDD1E9921130030475D /* Assets.xcassets */,
				C1A75DDF1E9921130030475D /* LaunchScreen.storyboard */,
				C1A75DE21E9921130030475D /* Info.plist */,
			);
			path = shshacksapp;
			sourceTree = "<group>";
		};
		C1A75DEA1E9921130030475D /* shshacksappTests */ = {
			isa = PBXGroup;
			children = (
				C1A75DEB1E9921130030475D /* shshacksappTests.swift */,
				C1A75DED1E9921130030475D /* Info.plist */,
			);
			path = shshacksappTests;
			sourceTree = "<group>";
		};
		C1A75DF51E9921130030475D /* shshacksappUITests */ = {
			isa = PBXGroup;
			children = (
				C1A75DF61E9921130030475D /* shshacksappUITests.swift */,
				C1A75DF81E9921130030475D /* Info.plist */,
			);
			path = shshacksappUITests;
			sourceTree = "<group>";
		};
		DCD7834C3AAE758577801B19 /* Pods */ = {
			isa = PBXGroup;
			children = (
				C6CB21205C63A9E1C40E5A16 /* Pods-shshacksapp.debug.xcconfig */,
				D1181F98B38053B05196F1DE /* Pods-shshacksapp.release.xcconfig */,
				EF0252896FA227CC1DFD64B4 /* Pods-shshacksappTests.debug.xcconfig */,
				93B7C1E02833112A7E8EBA08 /* Pods-shshacksappTests.release.xcconfig */,
				57EC6706958DBF8D267D924C /* Pods-shshacksappUITests.debug.xcconfig */,
				859A5B3A3DE53403EDF8AE56 /* Pods-shshacksappUITests.release.xcconfig */,
			);
			name = Pods;
			sourceTree = "<group>";
		};
/* End PBXGroup section */

/* Begin PBXNativeTarget section */
		C1A75DD21E9921130030475D /* shshacksapp */ = {
			isa = PBXNativeTarget;
			buildConfigurationList = C1A75DFB1E9921130030475D /* Build configuration list for PBXNativeTarget "shshacksapp" */;
			buildPhases = (
				8687EB988F2318A846417434 /* [CP] Check Pods Manifest.lock */,
				C1A75DCF1E9921130030475D /* Sources */,
				C1A75DD01E9921130030475D /* Frameworks */,
				C1A75DD11E9921130030475D /* Resources */,
				A2F4A6D5E1122665C4BFE7C0 /* [CP] Embed Pods Frameworks */,
				C44BEB87DA085959945B0F90 /* [CP] Copy Pods Resources */,
			);
			buildRules = (
			);
			dependencies = (
			);
			name = shshacksapp;
			productName = shshacksapp;
			productReference = C1A75DD31E9921130030475D /* shshacksapp.app */;
			productType = "com.apple.product-type.application";
		};
		C1A75DE61E9921130030475D /* shshacksappTests */ = {
			isa = PBXNativeTarget;
			buildConfigurationList = C1A75DFE1E9921130030475D /* Build configuration list for PBXNativeTarget "shshacksappTests" */;
			buildPhases = (
				998A9D49B891723A7EF58194 /* [CP] Check Pods Manifest.lock */,
				C1A75DE31E9921130030475D /* Sources */,
				C1A75DE41E9921130030475D /* Frameworks */,
				C1A75DE51E9921130030475D /* Resources */,
				679D2A0342CEF873F644B0EE /* [CP] Embed Pods Frameworks */,
				B9AE5C6DACB157D510249F06 /* [CP] Copy Pods Resources */,
			);
			buildRules = (
			);
			dependencies = (
				C1A75DE91E9921130030475D /* PBXTargetDependency */,
			);
			name = shshacksappTests;
			productName = shshacksappTests;
			productReference = C1A75DE71E9921130030475D /* shshacksappTests.xctest */;
			productType = "com.apple.product-type.bundle.unit-test";
		};
		C1A75DF11E9921130030475D /* shshacksappUITests */ = {
			isa = PBXNativeTarget;
			buildConfigurationList = C1A75E011E9921130030475D /* Build configuration list for PBXNativeTarget "shshacksappUITests" */;
			buildPhases = (
				8F5405F6270652602DDC531D /* [CP] Check Pods Manifest.lock */,
				C1A75DEE1E9921130030475D /* Sources */,
				C1A75DEF1E9921130030475D /* Frameworks */,
				C1A75DF01E9921130030475D /* Resources */,
				C3644D996DBA34B77575064A /* [CP] Embed Pods Frameworks */,
				199D5E5895A6226FD68F3F74 /* [CP] Copy Pods Resources */,
			);
			buildRules = (
			);
			dependencies = (
				C1A75DF41E9921130030475D /* PBXTargetDependency */,
			);
			name = shshacksappUITests;
			productName = shshacksappUITests;
			productReference = C1A75DF21E9921130030475D /* shshacksappUITests.xctest */;
			productType = "com.apple.product-type.bundle.ui-testing";
		};
/* End PBXNativeTarget section */

/* Begin PBXProject section */
		C1A75DCB1E9921130030475D /* Project object */ = {
			isa = PBXProject;
			attributes = {
				LastSwiftUpdateCheck = 0830;
				LastUpgradeCheck = 0830;
				ORGANIZATIONNAME = SrinuL;
				TargetAttributes = {
					C1A75DD21E9921130030475D = {
						CreatedOnToolsVersion = 8.3;
						DevelopmentTeam = 7LQ6G3275A;
						ProvisioningStyle = Automatic;
					};
					C1A75DE61E9921130030475D = {
						CreatedOnToolsVersion = 8.3;
						DevelopmentTeam = 7LQ6G3275A;
						ProvisioningStyle = Automatic;
						TestTargetID = C1A75DD21E9921130030475D;
					};
					C1A75DF11E9921130030475D = {
						CreatedOnToolsVersion = 8.3;
						DevelopmentTeam = 7LQ6G3275A;
						ProvisioningStyle = Automatic;
						TestTargetID = C1A75DD21E9921130030475D;
					};
				};
			};
			buildConfigurationList = C1A75DCE1E9921130030475D /* Build configuration list for PBXProject "shshacksapp" */;
			compatibilityVersion = "Xcode 3.2";
			developmentRegion = English;
			hasScannedForEncodings = 0;
			knownRegions = (
				en,
				Base,
			);
			mainGroup = C1A75DCA1E9921130030475D;
			productRefGroup = C1A75DD41E9921130030475D /* Products */;
			projectDirPath = "";
			projectRoot = "";
			targets = (
				C1A75DD21E9921130030475D /* shshacksapp */,
				C1A75DE61E9921130030475D /* shshacksappTests */,
				C1A75DF11E9921130030475D /* shshacksappUITests */,
			);
		};
/* End PBXProject section */

/* Begin PBXResourcesBuildPhase section */
		C1A75DD11E9921130030475D /* Resources */ = {
			isa = PBXResourcesBuildPhase;
			buildActionMask = 2147483647;
			files = (
				C1A75DE11E9921130030475D /* LaunchScreen.storyboard in Resources */,
				C1A75E051E9925CB0030475D /* GoogleService-Info.plist in Resources */,
				C1A75DDE1E9921130030475D /* Assets.xcassets in Resources */,
				C1A75DDC1E9921130030475D /* Main.storyboard in Resources */,
			);
			runOnlyForDeploymentPostprocessing = 0;
		};
		C1A75DE51E9921130030475D /* Resources */ = {
			isa = PBXResourcesBuildPhase;
			buildActionMask = 2147483647;
			files = (
			);
			runOnlyForDeploymentPostprocessing = 0;
		};
		C1A75DF01E9921130030475D /* Resources */ = {
			isa = PBXResourcesBuildPhase;
			buildActionMask = 2147483647;
			files = (
			);
			runOnlyForDeploymentPostprocessing = 0;
		};
/* End PBXResourcesBuildPhase section */

/* Begin PBXShellScriptBuildPhase section */
		199D5E5895A6226FD68F3F74 /* [CP] Copy Pods Resources */ = {
			isa = PBXShellScriptBuildPhase;
			buildActionMask = 2147483647;
			files = (
			);
			inputPaths = (
			);
			name = "[CP] Copy Pods Resources";
			outputPaths = (
			);
			runOnlyForDeploymentPostprocessing = 0;
			shellPath = /bin/sh;
			shellScript = "\"${SRCROOT}/Pods/Target Support Files/Pods-shshacksappUITests/Pods-shshacksappUITests-resources.sh\"\n";
			showEnvVarsInLog = 0;
		};
		679D2A0342CEF873F644B0EE /* [CP] Embed Pods Frameworks */ = {
			isa = PBXShellScriptBuildPhase;
			buildActionMask = 2147483647;
			files = (
			);
			inputPaths = (
			);
			name = "[CP] Embed Pods Frameworks";
			outputPaths = (
			);
			runOnlyForDeploymentPostprocessing = 0;
			shellPath = /bin/sh;
			shellScript = "\"${SRCROOT}/Pods/Target Support Files/Pods-shshacksappTests/Pods-shshacksappTests-frameworks.sh\"\n";
			showEnvVarsInLog = 0;
		};
		8687EB988F2318A846417434 /* [CP] Check Pods Manifest.lock */ = {
			isa = PBXShellScriptBuildPhase;
			buildActionMask = 2147483647;
			files = (
			);
			inputPaths = (
			);
			name = "[CP] Check Pods Manifest.lock";
			outputPaths = (
			);
			runOnlyForDeploymentPostprocessing = 0;
			shellPath = /bin/sh;
			shellScript = "diff \"${PODS_ROOT}/../Podfile.lock\" \"${PODS_ROOT}/Manifest.lock\" > /dev/null\nif [ $? != 0 ] ; then\n    # print error to STDERR\n    echo \"error: The sandbox is not in sync with the Podfile.lock. Run 'pod install' or update your CocoaPods installation.\" >&2\n    exit 1\nfi\n";
			showEnvVarsInLog = 0;
		};
		8F5405F6270652602DDC531D /* [CP] Check Pods Manifest.lock */ = {
			isa = PBXShellScriptBuildPhase;
			buildActionMask = 2147483647;
			files = (
			);
			inputPaths = (
			);
			name = "[CP] Check Pods Manifest.lock";
			outputPaths = (
			);
			runOnlyForDeploymentPostprocessing = 0;
			shellPath = /bin/sh;
			shellScript = "diff \"${PODS_ROOT}/../Podfile.lock\" \"${PODS_ROOT}/Manifest.lock\" > /dev/null\nif [ $? != 0 ] ; then\n    # print error to STDERR\n    echo \"error: The sandbox is not in sync with the Podfile.lock. Run 'pod install' or update your CocoaPods installation.\" >&2\n    exit 1\nfi\n";
			showEnvVarsInLog = 0;
		};
		998A9D49B891723A7EF58194 /* [CP] Check Pods Manifest.lock */ = {
			isa = PBXShellScriptBuildPhase;
			buildActionMask = 2147483647;
			files = (
			);
			inputPaths = (
			);
			name = "[CP] Check Pods Manifest.lock";
			outputPaths = (
			);
			runOnlyForDeploymentPostprocessing = 0;
			shellPath = /bin/sh;
			shellScript = "diff \"${PODS_ROOT}/../Podfile.lock\" \"${PODS_ROOT}/Manifest.lock\" > /dev/null\nif [ $? != 0 ] ; then\n    # print error to STDERR\n    echo \"error: The sandbox is not in sync with the Podfile.lock. Run 'pod install' or update your CocoaPods installation.\" >&2\n    exit 1\nfi\n";
			showEnvVarsInLog = 0;
		};
		A2F4A6D5E1122665C4BFE7C0 /* [CP] Embed Pods Frameworks */ = {
			isa = PBXShellScriptBuildPhase;
			buildActionMask = 2147483647;
			files = (
			);
			inputPaths = (
			);
			name = "[CP] Embed Pods Frameworks";
			outputPaths = (
			);
			runOnlyForDeploymentPostprocessing = 0;
			shellPath = /bin/sh;
			shellScript = "\"${SRCROOT}/Pods/Target Support Files/Pods-shshacksapp/Pods-shshacksapp-frameworks.sh\"\n";
			showEnvVarsInLog = 0;
		};
		B9AE5C6DACB157D510249F06 /* [CP] Copy Pods Resources */ = {
			isa = PBXShellScriptBuildPhase;
			buildActionMask = 2147483647;
			files = (
			);
			inputPaths = (
			);
			name = "[CP] Copy Pods Resources";
			outputPaths = (
			);
			runOnlyForDeploymentPostprocessing = 0;
			shellPath = /bin/sh;
			shellScript = "\"${SRCROOT}/Pods/Target Support Files/Pods-shshacksappTests/Pods-shshacksappTests-resources.sh\"\n";
			showEnvVarsInLog = 0;
		};
		C3644D996DBA34B77575064A /* [CP] Embed Pods Frameworks */ = {
			isa = PBXShellScriptBuildPhase;
			buildActionMask = 2147483647;
			files = (
			);
			inputPaths = (
			);
			name = "[CP] Embed Pods Frameworks";
			outputPaths = (
			);
			runOnlyForDeploymentPostprocessing = 0;
			shellPath = /bin/sh;
			shellScript = "\"${SRCROOT}/Pods/Target Support Files/Pods-shshacksappUITests/Pods-shshacksappUITests-frameworks.sh\"\n";
			showEnvVarsInLog = 0;
		};
		C44BEB87DA085959945B0F90 /* [CP] Copy Pods Resources */ = {
			isa = PBXShellScriptBuildPhase;
			buildActionMask = 2147483647;
			files = (
			);
			inputPaths = (
			);
			name = "[CP] Copy Pods Resources";
			outputPaths = (
			);
			runOnlyForDeploymentPostprocessing = 0;
			shellPath = /bin/sh;
			shellScript = "\"${SRCROOT}/Pods/Target Support Files/Pods-shshacksapp/Pods-shshacksapp-resources.sh\"\n";
			showEnvVarsInLog = 0;
		};
/* End PBXShellScriptBuildPhase section */

/* Begin PBXSourcesBuildPhase section */
		C1A75DCF1E9921130030475D /* Sources */ = {
			isa = PBXSourcesBuildPhase;
			buildActionMask = 2147483647;
			files = (
				C1A75DD91E9921130030475D /* MapViewController.swift in Sources */,
				C1A75DD71E9921130030475D /* AppDelegate.swift in Sources */,
			);
			runOnlyForDeploymentPostprocessing = 0;
		};
		C1A75DE31E9921130030475D /* Sources */ = {
			isa = PBXSourcesBuildPhase;
			buildActionMask = 2147483647;
			files = (
				C1A75DEC1E9921130030475D /* shshacksappTests.swift in Sources */,
			);
			runOnlyForDeploymentPostprocessing = 0;
		};
		C1A75DEE1E9921130030475D /* Sources */ = {
			isa = PBXSourcesBuildPhase;
			buildActionMask = 2147483647;
			files = (
				C1A75DF71E9921130030475D /* shshacksappUITests.swift in Sources */,
			);
			runOnlyForDeploymentPostprocessing = 0;
		};
/* End PBXSourcesBuildPhase section */

/* Begin PBXTargetDependency section */
		C1A75DE91E9921130030475D /* PBXTargetDependency */ = {
			isa = PBXTargetDependency;
			target = C1A75DD21E9921130030475D /* shshacksapp */;
			targetProxy = C1A75DE81E9921130030475D /* PBXContainerItemProxy */;
		};
		C1A75DF41E9921130030475D /* PBXTargetDependency */ = {
			isa = PBXTargetDependency;
			target = C1A75DD21E9921130030475D /* shshacksapp */;
			targetProxy = C1A75DF31E9921130030475D /* PBXContainerItemProxy */;
		};
/* End PBXTargetDependency section */

/* Begin PBXVariantGroup section */
		C1A75DDA1E9921130030475D /* Main.storyboard */ = {
			isa = PBXVariantGroup;
			children = (
				C1A75DDB1E9921130030475D /* Base */,
			);
			name = Main.storyboard;
			sourceTree = "<group>";
		};
		C1A75DDF1E9921130030475D /* LaunchScreen.storyboard */ = {
			isa = PBXVariantGroup;
			children = (
				C1A75DE01E9921130030475D /* Base */,
			);
			name = LaunchScreen.storyboard;
			sourceTree = "<group>";
		};
/* End PBXVariantGroup section */

/* Begin XCBuildConfiguration section */
		C1A75DF91E9921130030475D /* Debug */ = {
			isa = XCBuildConfiguration;
			buildSettings = {
				ALWAYS_SEARCH_USER_PATHS = NO;
				CLANG_ANALYZER_NONNULL = YES;
				CLANG_ANALYZER_NUMBER_OBJECT_CONVERSION = YES_AGGRESSIVE;
				CLANG_CXX_LANGUAGE_STANDARD = "gnu++0x";
				CLANG_CXX_LIBRARY = "libc++";
				CLANG_ENABLE_MODULES = YES;
				CLANG_ENABLE_OBJC_ARC = YES;
				CLANG_WARN_BOOL_CONVERSION = YES;
				CLANG_WARN_CONSTANT_CONVERSION = YES;
				CLANG_WARN_DIRECT_OBJC_ISA_USAGE = YES_ERROR;
				CLANG_WARN_DOCUMENTATION_COMMENTS = YES;
				CLANG_WARN_EMPTY_BODY = YES;
				CLANG_WARN_ENUM_CONVERSION = YES;
				CLANG_WARN_INFINITE_RECURSION = YES;
				CLANG_WARN_INT_CONVERSION = YES;
				CLANG_WARN_OBJC_ROOT_CLASS = YES_ERROR;
				CLANG_WARN_SUSPICIOUS_MOVE = YES;
				CLANG_WARN_UNREACHABLE_CODE = YES;
				CLANG_WARN__DUPLICATE_METHOD_MATCH = YES;
				"CODE_SIGN_IDENTITY[sdk=iphoneos*]" = "iPhone Developer";
				COPY_PHASE_STRIP = NO;
				DEBUG_INFORMATION_FORMAT = dwarf;
				ENABLE_STRICT_OBJC_MSGSEND = YES;
				ENABLE_TESTABILITY = YES;
				GCC_C_LANGUAGE_STANDARD = gnu99;
				GCC_DYNAMIC_NO_PIC = NO;
				GCC_NO_COMMON_BLOCKS = YES;
				GCC_OPTIMIZATION_LEVEL = 0;
				GCC_PREPROCESSOR_DEFINITIONS = (
					"DEBUG=1",
					"$(inherited)",
				);
				GCC_WARN_64_TO_32_BIT_CONVERSION = YES;
				GCC_WARN_ABOUT_RETURN_TYPE = YES_ERROR;
				GCC_WARN_UNDECLARED_SELECTOR = YES;
				GCC_WARN_UNINITIALIZED_AUTOS = YES_AGGRESSIVE;
				GCC_WARN_UNUSED_FUNCTION = YES;
				GCC_WARN_UNUSED_VARIABLE = YES;
				IPHONEOS_DEPLOYMENT_TARGET = 10.3;
				MTL_ENABLE_DEBUG_INFO = YES;
				ONLY_ACTIVE_ARCH = YES;
				SDKROOT = iphoneos;
				SWIFT_ACTIVE_COMPILATION_CONDITIONS = DEBUG;
				SWIFT_OPTIMIZATION_LEVEL = "-Onone";
				TARGETED_DEVICE_FAMILY = "1,2";
			};
			name = Debug;
		};
		C1A75DFA1E9921130030475D /* Release */ = {
			isa = XCBuildConfiguration;
			buildSettings = {
				ALWAYS_SEARCH_USER_PATHS = NO;
				CLANG_ANALYZER_NONNULL = YES;
				CLANG_ANALYZER_NUMBER_OBJECT_CONVERSION = YES_AGGRESSIVE;
				CLANG_CXX_LANGUAGE_STANDARD = "gnu++0x";
				CLANG_CXX_LIBRARY = "libc++";
				CLANG_ENABLE_MODULES = YES;
				CLANG_ENABLE_OBJC_ARC = YES;
				CLANG_WARN_BOOL_CONVERSION = YES;
				CLANG_WARN_CONSTANT_CONVERSION = YES;
				CLANG_WARN_DIRECT_OBJC_ISA_USAGE = YES_ERROR;
				CLANG_WARN_DOCUMENTATION_COMMENTS = YES;
				CLANG_WARN_EMPTY_BODY = YES;
				CLANG_WARN_ENUM_CONVERSION = YES;
				CLANG_WARN_INFINITE_RECURSION = YES;
				CLANG_WARN_INT_CONVERSION = YES;
				CLANG_WARN_OBJC_ROOT_CLASS = YES_ERROR;
				CLANG_WARN_SUSPICIOUS_MOVE = YES;
				CLANG_WARN_UNREACHABLE_CODE = YES;
				CLANG_WARN__DUPLICATE_METHOD_MATCH = YES;
				"CODE_SIGN_IDENTITY[sdk=iphoneos*]" = "iPhone Developer";
				COPY_PHASE_STRIP = NO;
				DEBUG_INFORMATION_FORMAT = "dwarf-with-dsym";
				ENABLE_NS_ASSERTIONS = NO;
				ENABLE_STRICT_OBJC_MSGSEND = YES;
				GCC_C_LANGUAGE_STANDARD = gnu99;
				GCC_NO_COMMON_BLOCKS = YES;
				GCC_WARN_64_TO_32_BIT_CONVERSION = YES;
				GCC_WARN_ABOUT_RETURN_TYPE = YES_ERROR;
				GCC_WARN_UNDECLARED_SELECTOR = YES;
				GCC_WARN_UNINITIALIZED_AUTOS = YES_AGGRESSIVE;
				GCC_WARN_UNUSED_FUNCTION = YES;
				GCC_WARN_UNUSED_VARIABLE = YES;
				IPHONEOS_DEPLOYMENT_TARGET = 10.3;
				MTL_ENABLE_DEBUG_INFO = NO;
				SDKROOT = iphoneos;
				SWIFT_OPTIMIZATION_LEVEL = "-Owholemodule";
				TARGETED_DEVICE_FAMILY = "1,2";
				VALIDATE_PRODUCT = YES;
			};
			name = Release;
		};
		C1A75DFC1E9921130030475D /* Debug */ = {
			isa = XCBuildConfiguration;
			baseConfigurationReference = C6CB21205C63A9E1C40E5A16 /* Pods-shshacksapp.debug.xcconfig */;
			buildSettings = {
				ASSETCATALOG_COMPILER_APPICON_NAME = AppIcon;
				DEVELOPMENT_TEAM = 7LQ6G3275A;
				INFOPLIST_FILE = shshacksapp/Info.plist;
				IPHONEOS_DEPLOYMENT_TARGET = 10.2;
				LD_RUNPATH_SEARCH_PATHS = "$(inherited) @executable_path/Frameworks";
				PRODUCT_BUNDLE_IDENTIFIER = com.srinul.shshacksapp;
				PRODUCT_NAME = "$(TARGET_NAME)";
				SWIFT_VERSION = 3.0;
			};
			name = Debug;
		};
		C1A75DFD1E9921130030475D /* Release */ = {
			isa = XCBuildConfiguration;
			baseConfigurationReference = D1181F98B38053B05196F1DE /* Pods-shshacksapp.release.xcconfig */;
			buildSettings = {
				ASSETCATALOG_COMPILER_APPICON_NAME = AppIcon;
				DEVELOPMENT_TEAM = 7LQ6G3275A;
				INFOPLIST_FILE = shshacksapp/Info.plist;
				IPHONEOS_DEPLOYMENT_TARGET = 10.2;
				LD_RUNPATH_SEARCH_PATHS = "$(inherited) @executable_path/Frameworks";
				PRODUCT_BUNDLE_IDENTIFIER = com.srinul.shshacksapp;
				PRODUCT_NAME = "$(TARGET_NAME)";
				SWIFT_VERSION = 3.0;
			};
			name = Release;
		};
		C1A75DFF1E9921130030475D /* Debug */ = {
			isa = XCBuildConfiguration;
			baseConfigurationReference = EF0252896FA227CC1DFD64B4 /* Pods-shshacksappTests.debug.xcconfig */;
			buildSettings = {
				ALWAYS_EMBED_SWIFT_STANDARD_LIBRARIES = YES;
				BUNDLE_LOADER = "$(TEST_HOST)";
				DEVELOPMENT_TEAM = 7LQ6G3275A;
				INFOPLIST_FILE = shshacksappTests/Info.plist;
				LD_RUNPATH_SEARCH_PATHS = "$(inherited) @executable_path/Frameworks @loader_path/Frameworks";
				PRODUCT_BUNDLE_IDENTIFIER = com.srinul.shshacksappTests;
				PRODUCT_NAME = "$(TARGET_NAME)";
				SWIFT_VERSION = 3.0;
				TEST_HOST = "$(BUILT_PRODUCTS_DIR)/shshacksapp.app/shshacksapp";
			};
			name = Debug;
		};
		C1A75E001E9921130030475D /* Release */ = {
			isa = XCBuildConfiguration;
			baseConfigurationReference = 93B7C1E02833112A7E8EBA08 /* Pods-shshacksappTests.release.xcconfig */;
			buildSettings = {
				ALWAYS_EMBED_SWIFT_STANDARD_LIBRARIES = YES;
				BUNDLE_LOADER = "$(TEST_HOST)";
				DEVELOPMENT_TEAM = 7LQ6G3275A;
				INFOPLIST_FILE = shshacksappTests/Info.plist;
				LD_RUNPATH_SEARCH_PATHS = "$(inherited) @executable_path/Frameworks @loader_path/Frameworks";
				PRODUCT_BUNDLE_IDENTIFIER = com.srinul.shshacksappTests;
				PRODUCT_NAME = "$(TARGET_NAME)";
				SWIFT_VERSION = 3.0;
				TEST_HOST = "$(BUILT_PRODUCTS_DIR)/shshacksapp.app/shshacksapp";
			};
			name = Release;
		};
		C1A75E021E9921130030475D /* Debug */ = {
			isa = XCBuildConfiguration;
			baseConfigurationReference = 57EC6706958DBF8D267D924C /* Pods-shshacksappUITests.debug.xcconfig */;
			buildSettings = {
				ALWAYS_EMBED_SWIFT_STANDARD_LIBRARIES = YES;
				DEVELOPMENT_TEAM = 7LQ6G3275A;
				INFOPLIST_FILE = shshacksappUITests/Info.plist;
				LD_RUNPATH_SEARCH_PATHS = "$(inherited) @executable_path/Frameworks @loader_path/Frameworks";
				PRODUCT_BUNDLE_IDENTIFIER = com.srinul.shshacksappUITests;
				PRODUCT_NAME = "$(TARGET_NAME)";
				SWIFT_VERSION = 3.0;
				TEST_TARGET_NAME = shshacksapp;
			};
			name = Debug;
		};
		C1A75E031E9921130030475D /* Release */ = {
			isa = XCBuildConfiguration;
			baseConfigurationReference = 859A5B3A3DE53403EDF8AE56 /* Pods-shshacksappUITests.release.xcconfig */;
			buildSettings = {
				ALWAYS_EMBED_SWIFT_STANDARD_LIBRARIES = YES;
				DEVELOPMENT_TEAM = 7LQ6G3275A;
				INFOPLIST_FILE = shshacksappUITests/Info.plist;
				LD_RUNPATH_SEARCH_PATHS = "$(inherited) @executable_path/Frameworks @loader_path/Frameworks";
				PRODUCT_BUNDLE_IDENTIFIER = com.srinul.shshacksappUITests;
				PRODUCT_NAME = "$(TARGET_NAME)";
				SWIFT_VERSION = 3.0;
				TEST_TARGET_NAME = shshacksapp;
			};
			name = Release;
		};
/* End XCBuildConfiguration section */

/* Begin XCConfigurationList section */
		C1A75DCE1E9921130030475D /* Build configuration list for PBXProject "shshacksapp" */ = {
			isa = XCConfigurationList;
			buildConfigurations = (
				C1A75DF91E9921130030475D /* Debug */,
				C1A75DFA1E9921130030475D /* Release */,
			);
			defaultConfigurationIsVisible = 0;
			defaultConfigurationName = Release;
		};
		C1A75DFB1E9921130030475D /* Build configuration list for PBXNativeTarget "shshacksapp" */ = {
			isa = XCConfigurationList;
			buildConfigurations = (
				C1A75DFC1E9921130030475D /* Debug */,
				C1A75DFD1E9921130030475D /* Release */,
			);
			defaultConfigurationIsVisible = 0;
			defaultConfigurationName = Release;
		};
		C1A75DFE1E9921130030475D /* Build configuration list for PBXNativeTarget "shshacksappTests" */ = {
			isa = XCConfigurationList;
			buildConfigurations = (
				C1A75DFF1E9921130030475D /* Debug */,
				C1A75E001E9921130030475D /* Release */,
			);
			defaultConfigurationIsVisible = 0;
			defaultConfigurationName = Release;
		};
		C1A75E011E9921130030475D /* Build configuration list for PBXNativeTarget "shshacksappUITests" */ = {
			isa = XCConfigurationList;
			buildConfigurations = (
				C1A75E021E9921130030475D /* Debug */,
				C1A75E031E9921130030475D /* Release */,
			);
			defaultConfigurationIsVisible = 0;
			defaultConfigurationName = Release;
		};
/* End XCConfigurationList section */
	};
	rootObject = C1A75DCB1E9921130030475D /* Project object */;
}
